
Microsoft Visual Studio Solution File, Format Version 12.00
# Visual Studio Version 16
VisualStudioVersion = 16.0.31410.357
MinimumVisualStudioVersion = 10.0.40219.1
Project("{FAE04EC0-301F-11D3-BF4B-00C04F79EFBC}") = "SovComBankTest.ApiWebApp", "SovComBankTest.ApiWebApp\SovComBankTest.ApiWebApp.csproj", "{D0CCCBC2-AADD-4983-B46C-B5F7B5AFF89D}"
EndProject
Global
	GlobalSection(SolutionConfigurationPlatforms) = preSolution
		Debug|Any CPU = Debug|Any CPU
		Release|Any CPU = Release|Any CPU
	EndGlobalSection
	GlobalSection(ProjectConfigurationPlatforms) = postSolution
		{D0CCCBC2-AADD-4983-B46C-B5F7B5AFF89D}.Debug|Any CPU.ActiveCfg = Debug|Any CPU
		{D0CCCBC2-AADD-4983-B46C-B5F7B5AFF89D}.Debug|Any CPU.Build.0 = Debug|Any CPU
		{D0CCCBC2-AADD-4983-B46C-B5F7B5AFF89D}.Release|Any CPU.ActiveCfg = Release|Any CPU
		{D0CCCBC2-AADD-4983-B46C-B5F7B5AFF89D}.Release|Any CPU.Build.0 = Release|Any CPU
	EndGlobalSection
	GlobalSection(SolutionProperties) = preSolution
		HideSolutionNode = FALSE
	EndGlobalSection
	GlobalSection(ExtensibilityGlobals) = postSolution
		SolutionGuid = {65864F2D-95B9-4FD7-B6CA-B814B1F8381C}
	EndGlobalSection
EndGlobal
